
Microsoft Visual Studio Solution File, Format Version 12.00
# Visual Studio Version 16
VisualStudioVersion = 16.0.29318.209
MinimumVisualStudioVersion = 10.0.40219.1
Project("{FAE04EC0-301F-11D3-BF4B-00C04F79EFBC}") = "Console", "Console\Console.csproj", "{95F02750-C0AC-4473-BE1B-A2FF5305E26D}"
EndProject
Global
	GlobalSection(SolutionConfigurationPlatforms) = preSolution
		Debug|Any CPU = Debug|Any CPU
		Release|Any CPU = Release|Any CPU
	EndGlobalSection
	GlobalSection(ProjectConfigurationPlatforms) = postSolution
		{95F02750-C0AC-4473-BE1B-A2FF5305E26D}.Debug|Any CPU.ActiveCfg = Debug|Any CPU
		{95F02750-C0AC-4473-BE1B-A2FF5305E26D}.Debug|Any CPU.Build.0 = Debug|Any CPU
		{95F02750-C0AC-4473-BE1B-A2FF5305E26D}.Release|Any CPU.ActiveCfg = Release|Any CPU
		{95F02750-C0AC-4473-BE1B-A2FF5305E26D}.Release|Any CPU.Build.0 = Release|Any CPU
	EndGlobalSection
	GlobalSection(SolutionProperties) = preSolution
		HideSolutionNode = FALSE
	EndGlobalSection
	GlobalSection(ExtensibilityGlobals) = postSolution
		SolutionGuid = {A9593B7B-649C-4BE2-A109-57871FA273BF}
	EndGlobalSection
EndGlobal
